
Microsoft Visual Studio Solution File, Format Version 12.00
# Visual Studio 15
VisualStudioVersion = 15.0.28307.572
MinimumVisualStudioVersion = 10.0.40219.1
Project("{FAE04EC0-301F-11D3-BF4B-00C04F79EFBC}") = "lab4", "lab4\lab4.csproj", "{D06ECCF9-6167-427B-95CC-BAC832AFCBEC}"
EndProject
Global
	GlobalSection(SolutionConfigurationPlatforms) = preSolution
		Debug|Any CPU = Debug|Any CPU
		Release|Any CPU = Release|Any CPU
	EndGlobalSection
	GlobalSection(ProjectConfigurationPlatforms) = postSolution
		{D06ECCF9-6167-427B-95CC-BAC832AFCBEC}.Debug|Any CPU.ActiveCfg = Debug|Any CPU
		{D06ECCF9-6167-427B-95CC-BAC832AFCBEC}.Debug|Any CPU.Build.0 = Debug|Any CPU
		{D06ECCF9-6167-427B-95CC-BAC832AFCBEC}.Release|Any CPU.ActiveCfg = Release|Any CPU
		{D06ECCF9-6167-427B-95CC-BAC832AFCBEC}.Release|Any CPU.Build.0 = Release|Any CPU
	EndGlobalSection
	GlobalSection(SolutionProperties) = preSolution
		HideSolutionNode = FALSE
	EndGlobalSection
	GlobalSection(ExtensibilityGlobals) = postSolution
		SolutionGuid = {E11EE326-934A-404D-8DAD-1B0EE11CC415}
	EndGlobalSection
EndGlobal
