
Microsoft Visual Studio Solution File, Format Version 12.00
# Visual Studio 15
VisualStudioVersion = 15.0.28307.572
MinimumVisualStudioVersion = 10.0.40219.1
Project("{FAE04EC0-301F-11D3-BF4B-00C04F79EFBC}") = "lab5", "lab5\lab5.csproj", "{E8EDAB2F-CAA8-47F6-8855-02D5050B86FA}"
EndProject
Global
	GlobalSection(SolutionConfigurationPlatforms) = preSolution
		Debug|Any CPU = Debug|Any CPU
		Release|Any CPU = Release|Any CPU
	EndGlobalSection
	GlobalSection(ProjectConfigurationPlatforms) = postSolution
		{E8EDAB2F-CAA8-47F6-8855-02D5050B86FA}.Debug|Any CPU.ActiveCfg = Debug|Any CPU
		{E8EDAB2F-CAA8-47F6-8855-02D5050B86FA}.Debug|Any CPU.Build.0 = Debug|Any CPU
		{E8EDAB2F-CAA8-47F6-8855-02D5050B86FA}.Release|Any CPU.ActiveCfg = Release|Any CPU
		{E8EDAB2F-CAA8-47F6-8855-02D5050B86FA}.Release|Any CPU.Build.0 = Release|Any CPU
	EndGlobalSection
	GlobalSection(SolutionProperties) = preSolution
		HideSolutionNode = FALSE
	EndGlobalSection
	GlobalSection(ExtensibilityGlobals) = postSolution
		SolutionGuid = {6B5CE797-538F-41AE-9378-AD79400CA7DC}
	EndGlobalSection
EndGlobal
